{
  "name": "correl8-adapter-googlesheets",
  "version": "1.0.0",
  "lockfileVersion": 2,
  "requires": true,
  "packages": {
    "": {
      "name": "correl8-adapter-googlesheets",
      "version": "1.0.0",
      "license": "ISC",
      "dependencies": {
        "correl8-cli": "latest",
        "googleapis": "latest",
        "moment": "latest",
        "prompt": "latest"
      },
      "devDependencies": {}
    },
    "node_modules/@elastic/elasticsearch": {
      "version": "7.9.1",
      "license": "Apache-2.0",
      "dependencies": {
        "debug": "^4.1.1",
        "decompress-response": "^4.2.0",
        "ms": "^2.1.1",
        "pump": "^3.0.0",
        "secure-json-parse": "^2.1.0"
      },
      "engines": {
        "node": ">=8"
      }
    },
    "node_modules/abbrev": {
      "version": "1.1.1",
      "license": "ISC"
    },
    "node_modules/abort-controller": {
      "version": "3.0.0",
      "license": "MIT",
      "dependencies": {
        "event-target-shim": "^5.0.0"
      },
      "engines": {
        "node": ">=6.5"
      }
    },
    "node_modules/agent-base": {
      "version": "6.0.2",
      "license": "MIT",
      "dependencies": {
        "debug": "4"
      },
      "engines": {
        "node": ">= 6.0.0"
      }
    },
    "node_modules/arrify": {
      "version": "2.0.1",
      "license": "MIT",
      "engines": {
        "node": ">=8"
      }
    },
    "node_modules/async": {
      "version": "0.9.2",
      "license": "MIT"
    },
    "node_modules/balanced-match": {
      "version": "1.0.0",
      "license": "MIT"
    },
    "node_modules/base64-js": {
      "version": "1.3.1",
      "license": "MIT"
    },
    "node_modules/bignumber.js": {
      "version": "9.0.1",
      "license": "MIT",
      "engines": {
        "node": "*"
      }
    },
    "node_modules/brace-expansion": {
      "version": "1.1.11",
      "license": "MIT",
      "dependencies": {
        "balanced-match": "^1.0.0",
        "concat-map": "0.0.1"
      }
    },
    "node_modules/buffer-equal-constant-time": {
      "version": "1.0.1",
      "license": "BSD-3-Clause"
    },
    "node_modules/colors": {
      "version": "1.4.0",
      "license": "MIT",
      "engines": {
        "node": ">=0.1.90"
      }
    },
    "node_modules/concat-map": {
      "version": "0.0.1",
      "license": "MIT"
    },
    "node_modules/correl8": {
      "version": "0.6.3",
      "license": "ISC",
      "dependencies": {
        "@elastic/elasticsearch": "latest"
      }
    },
    "node_modules/correl8-cli": {
      "version": "0.1.6",
      "license": "ISC",
      "dependencies": {
        "@elastic/elasticsearch": "latest",
        "correl8": "latest",
        "lockfile": "latest",
        "nopt": "latest",
        "nopt-usage": "latest",
        "path": "latest",
        "prompt": "latest"
      }
    },
    "node_modules/cycle": {
      "version": "1.0.3",
      "engines": {
        "node": ">=0.4.0"
      }
    },
    "node_modules/debug": {
      "version": "4.2.0",
      "license": "MIT",
      "dependencies": {
        "ms": "2.1.2"
      },
      "engines": {
        "node": ">=6.0"
      },
      "peerDependenciesMeta": {
        "supports-color": {
          "optional": true
        }
      }
    },
    "node_modules/decompress-response": {
      "version": "4.2.1",
      "license": "MIT",
      "dependencies": {
        "mimic-response": "^2.0.0"
      },
      "engines": {
        "node": ">=8"
      }
    },
    "node_modules/deep-equal": {
      "version": "0.2.2",
      "license": "MIT"
    },
    "node_modules/ecdsa-sig-formatter": {
      "version": "1.0.11",
      "license": "Apache-2.0",
      "dependencies": {
        "safe-buffer": "^5.0.1"
      }
    },
    "node_modules/end-of-stream": {
      "version": "1.4.4",
      "license": "MIT",
      "dependencies": {
        "once": "^1.4.0"
      }
    },
    "node_modules/event-target-shim": {
      "version": "5.0.1",
      "license": "MIT",
      "engines": {
        "node": ">=6"
      }
    },
    "node_modules/extend": {
      "version": "3.0.2",
      "license": "MIT"
    },
    "node_modules/eyes": {
      "version": "0.1.8",
      "engines": {
        "node": "> 0.1.90"
      }
    },
    "node_modules/fast-text-encoding": {
      "version": "1.0.3",
      "license": "Apache-2.0"
    },
    "node_modules/fs.realpath": {
      "version": "1.0.0",
      "license": "ISC"
    },
    "node_modules/gaxios": {
      "version": "3.2.0",
      "license": "Apache-2.0",
      "dependencies": {
        "abort-controller": "^3.0.0",
        "extend": "^3.0.2",
        "https-proxy-agent": "^5.0.0",
        "is-stream": "^2.0.0",
        "node-fetch": "^2.3.0"
      },
      "engines": {
        "node": ">=10"
      }
    },
    "node_modules/gcp-metadata": {
      "version": "4.2.0",
      "license": "Apache-2.0",
      "dependencies": {
        "gaxios": "^3.0.0",
        "json-bigint": "^1.0.0"
      },
      "engines": {
        "node": ">=10"
      }
    },
    "node_modules/glob": {
      "version": "7.1.6",
      "license": "ISC",
      "dependencies": {
        "fs.realpath": "^1.0.0",
        "inflight": "^1.0.4",
        "inherits": "2",
        "minimatch": "^3.0.4",
        "once": "^1.3.0",
        "path-is-absolute": "^1.0.0"
      },
      "engines": {
        "node": "*"
      },
      "funding": {
        "url": "https://github.com/sponsors/isaacs"
      }
    },
    "node_modules/google-auth-library": {
      "version": "7.0.4",
      "resolved": "https://registry.npmjs.org/google-auth-library/-/google-auth-library-7.0.4.tgz",
      "integrity": "sha512-o8irYyeijEiecTXeoEe8UKNEzV1X+uhR4b2oNdapDMZixypp0J+eHimGOyx5Joa3UAeokGngdtDLXtq9vDqG2Q==",
      "dependencies": {
        "arrify": "^2.0.0",
        "base64-js": "^1.3.0",
        "ecdsa-sig-formatter": "^1.0.11",
        "fast-text-encoding": "^1.0.0",
        "gaxios": "^4.0.0",
        "gcp-metadata": "^4.2.0",
        "gtoken": "^5.0.4",
        "jws": "^4.0.0",
        "lru-cache": "^6.0.0"
      },
      "engines": {
        "node": ">=10"
      }
    },
    "node_modules/google-auth-library/node_modules/gaxios": {
      "version": "4.2.1",
      "resolved": "https://registry.npmjs.org/gaxios/-/gaxios-4.2.1.tgz",
      "integrity": "sha512-s+rTywpw6CmfB8r9TXYkpix7YFeuRjnR/AqhaJrQqsNhsAqej+IAiCc3hadzQH3gHyWth30tvYjxH8EVjQt/8Q==",
      "dependencies": {
        "abort-controller": "^3.0.0",
        "extend": "^3.0.2",
        "https-proxy-agent": "^5.0.0",
        "is-stream": "^2.0.0",
        "node-fetch": "^2.3.0"
      },
      "engines": {
        "node": ">=10"
      }
    },
    "node_modules/google-p12-pem": {
      "version": "3.0.3",
      "license": "MIT",
      "dependencies": {
        "node-forge": "^0.10.0"
      },
      "bin": {
        "gp12-pem": "build/src/bin/gp12-pem.js"
      },
      "engines": {
        "node": ">=10"
      }
    },
    "node_modules/googleapis": {
      "version": "73.0.0",
      "resolved": "https://registry.npmjs.org/googleapis/-/googleapis-73.0.0.tgz",
      "integrity": "sha512-bLLoHddONoEZCnhcTW603r7Y1fFqbFo0/3VdnzTNA4XQl+gVY3qycWmRSRrL15ts9Iwfg0rhTde5+OUuBFhi0g==",
      "dependencies": {
        "google-auth-library": "^7.0.2",
        "googleapis-common": "^5.0.2"
      },
      "engines": {
        "node": ">=10"
      }
    },
    "node_modules/googleapis-common": {
      "version": "5.0.2",
      "resolved": "https://registry.npmjs.org/googleapis-common/-/googleapis-common-5.0.2.tgz",
      "integrity": "sha512-TL7qronKNZwE/XBvqshwzCPmZGq2gz/beXzANF7EVoO7FsQjOd7dk40DYrXkoCpvbnJHCQKWESq6NansiIPFqA==",
      "dependencies": {
        "extend": "^3.0.2",
        "gaxios": "^4.0.0",
        "google-auth-library": "^7.0.2",
        "qs": "^6.7.0",
        "url-template": "^2.0.8",
        "uuid": "^8.0.0"
      },
      "engines": {
        "node": ">=10.10.0"
      }
    },
    "node_modules/googleapis-common/node_modules/gaxios": {
      "version": "4.2.1",
      "resolved": "https://registry.npmjs.org/gaxios/-/gaxios-4.2.1.tgz",
      "integrity": "sha512-s+rTywpw6CmfB8r9TXYkpix7YFeuRjnR/AqhaJrQqsNhsAqej+IAiCc3hadzQH3gHyWth30tvYjxH8EVjQt/8Q==",
      "dependencies": {
        "abort-controller": "^3.0.0",
        "extend": "^3.0.2",
        "https-proxy-agent": "^5.0.0",
        "is-stream": "^2.0.0",
        "node-fetch": "^2.3.0"
      },
      "engines": {
        "node": ">=10"
      }
    },
    "node_modules/gtoken": {
      "version": "5.0.4",
      "license": "MIT",
      "dependencies": {
        "gaxios": "^3.0.0",
        "google-p12-pem": "^3.0.3",
        "jws": "^4.0.0",
        "mime": "^2.2.0"
      },
      "engines": {
        "node": ">=10"
      }
    },
    "node_modules/https-proxy-agent": {
      "version": "5.0.0",
      "license": "MIT",
      "dependencies": {
        "agent-base": "6",
        "debug": "4"
      },
      "engines": {
        "node": ">= 6"
      }
    },
    "node_modules/i": {
      "version": "0.3.6",
      "engines": {
        "node": ">=0.4"
      }
    },
    "node_modules/inflight": {
      "version": "1.0.6",
      "license": "ISC",
      "dependencies": {
        "once": "^1.3.0",
        "wrappy": "1"
      }
    },
    "node_modules/inherits": {
      "version": "2.0.3",
      "license": "ISC"
    },
    "node_modules/is-stream": {
      "version": "2.0.0",
      "license": "MIT",
      "engines": {
        "node": ">=8"
      }
    },
    "node_modules/isstream": {
      "version": "0.1.2",
      "license": "MIT"
    },
    "node_modules/json-bigint": {
      "version": "1.0.0",
      "license": "MIT",
      "dependencies": {
        "bignumber.js": "^9.0.0"
      }
    },
    "node_modules/jwa": {
      "version": "2.0.0",
      "license": "MIT",
      "dependencies": {
        "buffer-equal-constant-time": "1.0.1",
        "ecdsa-sig-formatter": "1.0.11",
        "safe-buffer": "^5.0.1"
      }
    },
    "node_modules/jws": {
      "version": "4.0.0",
      "license": "MIT",
      "dependencies": {
        "jwa": "^2.0.0",
        "safe-buffer": "^5.0.1"
      }
    },
    "node_modules/lockfile": {
      "version": "1.0.4",
      "license": "ISC",
      "dependencies": {
        "signal-exit": "^3.0.2"
      }
    },
    "node_modules/lru-cache": {
      "version": "6.0.0",
      "license": "ISC",
      "dependencies": {
        "yallist": "^4.0.0"
      },
      "engines": {
        "node": ">=10"
      }
    },
    "node_modules/mime": {
      "version": "2.4.6",
      "license": "MIT",
      "bin": {
        "mime": "cli.js"
      },
      "engines": {
        "node": ">=4.0.0"
      }
    },
    "node_modules/mimic-response": {
      "version": "2.1.0",
      "license": "MIT",
      "engines": {
        "node": ">=8"
      },
      "funding": {
        "url": "https://github.com/sponsors/sindresorhus"
      }
    },
    "node_modules/minimatch": {
      "version": "3.0.4",
      "license": "ISC",
      "dependencies": {
        "brace-expansion": "^1.1.7"
      },
      "engines": {
        "node": "*"
      }
    },
    "node_modules/minimist": {
      "version": "1.2.5",
      "license": "MIT"
    },
    "node_modules/mkdirp": {
      "version": "0.5.5",
      "license": "MIT",
      "dependencies": {
        "minimist": "^1.2.5"
      },
      "bin": {
        "mkdirp": "bin/cmd.js"
      }
    },
    "node_modules/moment": {
      "version": "2.29.1",
      "license": "MIT",
      "engines": {
        "node": "*"
      }
    },
    "node_modules/ms": {
      "version": "2.1.2",
      "license": "MIT"
    },
    "node_modules/mute-stream": {
      "version": "0.0.8",
      "license": "ISC"
    },
    "node_modules/ncp": {
      "version": "1.0.1",
      "license": "MIT",
      "bin": {
        "ncp": "bin/ncp"
      }
    },
    "node_modules/node-fetch": {
      "version": "2.6.1",
      "license": "MIT",
      "engines": {
        "node": "4.x || >=6.0.0"
      }
    },
    "node_modules/node-forge": {
      "version": "0.10.0",
      "license": "(BSD-3-Clause OR GPL-2.0)",
      "engines": {
        "node": ">= 6.0.0"
      }
    },
    "node_modules/nopt": {
      "version": "5.0.0",
      "license": "ISC",
      "dependencies": {
        "abbrev": "1"
      },
      "bin": {
        "nopt": "bin/nopt.js"
      },
      "engines": {
        "node": ">=6"
      }
    },
    "node_modules/nopt-usage": {
      "version": "0.1.0",
      "license": "MIT"
    },
    "node_modules/once": {
      "version": "1.4.0",
      "license": "ISC",
      "dependencies": {
        "wrappy": "1"
      }
    },
    "node_modules/path": {
      "version": "0.12.7",
      "license": "MIT",
      "dependencies": {
        "process": "^0.11.1",
        "util": "^0.10.3"
      }
    },
    "node_modules/path-is-absolute": {
      "version": "1.0.1",
      "license": "MIT",
      "engines": {
        "node": ">=0.10.0"
      }
    },
    "node_modules/process": {
      "version": "0.11.10",
      "license": "MIT",
      "engines": {
        "node": ">= 0.6.0"
      }
    },
    "node_modules/prompt": {
      "version": "1.1.0",
      "resolved": "https://registry.npmjs.org/prompt/-/prompt-1.1.0.tgz",
      "integrity": "sha512-ec1vUPXCplDBDUVD8uPa3XGA+OzLrO40Vxv3F1uxoiZGkZhdctlK2JotcHq5X6ExjocDOGwGdCSXloGNyU5L1Q==",
      "dependencies": {
        "colors": "^1.1.2",
        "read": "1.0.x",
        "revalidator": "0.1.x",
        "utile": "0.3.x",
        "winston": "2.x"
      },
      "engines": {
        "node": ">= 0.6.6"
      }
    },
    "node_modules/pump": {
      "version": "3.0.0",
      "license": "MIT",
      "dependencies": {
        "end-of-stream": "^1.1.0",
        "once": "^1.3.1"
      }
    },
    "node_modules/qs": {
      "version": "6.9.4",
      "license": "BSD-3-Clause",
      "engines": {
        "node": ">=0.6"
      },
      "funding": {
        "url": "https://github.com/sponsors/ljharb"
      }
    },
    "node_modules/read": {
      "version": "1.0.7",
      "license": "ISC",
      "dependencies": {
        "mute-stream": "~0.0.4"
      },
      "engines": {
        "node": ">=0.8"
      }
    },
    "node_modules/revalidator": {
      "version": "0.1.8",
      "license": "Apache 2.0",
      "engines": {
        "node": ">= 0.4.0"
      }
    },
    "node_modules/rimraf": {
      "version": "2.7.1",
      "license": "ISC",
      "dependencies": {
        "glob": "^7.1.3"
      },
      "bin": {
        "rimraf": "bin.js"
      }
    },
    "node_modules/safe-buffer": {
      "version": "5.2.1",
      "funding": [
        {
          "type": "github",
          "url": "https://github.com/sponsors/feross"
        },
        {
          "type": "patreon",
          "url": "https://www.patreon.com/feross"
        },
        {
          "type": "consulting",
          "url": "https://feross.org/support"
        }
      ],
      "license": "MIT"
    },
    "node_modules/secure-json-parse": {
      "version": "2.1.0",
      "license": "BSD-3-Clause"
    },
    "node_modules/signal-exit": {
      "version": "3.0.3",
      "license": "ISC"
    },
    "node_modules/stack-trace": {
      "version": "0.0.10",
      "license": "MIT",
      "engines": {
        "node": "*"
      }
    },
    "node_modules/url-template": {
      "version": "2.0.8",
      "license": "BSD"
    },
    "node_modules/util": {
      "version": "0.10.4",
      "license": "MIT",
      "dependencies": {
        "inherits": "2.0.3"
      }
    },
    "node_modules/utile": {
      "version": "0.3.0",
      "dependencies": {
        "async": "~0.9.0",
        "deep-equal": "~0.2.1",
        "i": "0.3.x",
        "mkdirp": "0.x.x",
        "ncp": "1.0.x",
        "rimraf": "2.x.x"
      },
      "engines": {
        "node": ">= 0.8.0"
      }
    },
    "node_modules/uuid": {
      "version": "8.3.1",
      "license": "MIT",
      "bin": {
        "uuid": "dist/bin/uuid"
      }
    },
    "node_modules/winston": {
      "version": "2.1.1",
      "license": "MIT",
      "dependencies": {
        "async": "~1.0.0",
        "colors": "1.0.x",
        "cycle": "1.0.x",
        "eyes": "0.1.x",
        "isstream": "0.1.x",
        "pkginfo": "0.3.x",
        "stack-trace": "0.0.x"
      },
      "engines": {
        "node": ">= 0.8.0"
      }
    },
    "node_modules/winston/node_modules/async": {
      "version": "1.0.0",
      "license": "MIT"
    },
    "node_modules/winston/node_modules/colors": {
      "version": "1.0.3",
      "license": "MIT",
      "engines": {
        "node": ">=0.1.90"
      }
    },
    "node_modules/winston/node_modules/pkginfo": {
      "version": "0.3.1",
      "license": "MIT",
      "engines": {
        "node": ">= 0.4.0"
      }
    },
    "node_modules/wrappy": {
      "version": "1.0.2",
      "license": "ISC"
    },
    "node_modules/yallist": {
      "version": "4.0.0",
      "license": "ISC"
    }
  },
  "dependencies": {
    "@elastic/elasticsearch": {
      "version": "7.9.1",
      "requires": {
        "debug": "^4.1.1",
        "decompress-response": "^4.2.0",
        "ms": "^2.1.1",
        "pump": "^3.0.0",
        "secure-json-parse": "^2.1.0"
      }
    },
    "abbrev": {
      "version": "1.1.1"
    },
    "abort-controller": {
      "version": "3.0.0",
      "requires": {
        "event-target-shim": "^5.0.0"
      }
    },
    "agent-base": {
      "version": "6.0.2",
      "requires": {
        "debug": "4"
      }
    },
    "arrify": {
      "version": "2.0.1"
    },
    "async": {
      "version": "0.9.2"
    },
    "balanced-match": {
      "version": "1.0.0"
    },
    "base64-js": {
      "version": "1.3.1"
    },
    "bignumber.js": {
      "version": "9.0.1"
    },
    "brace-expansion": {
      "version": "1.1.11",
      "requires": {
        "balanced-match": "^1.0.0",
        "concat-map": "0.0.1"
      }
    },
    "buffer-equal-constant-time": {
      "version": "1.0.1"
    },
    "colors": {
      "version": "1.4.0"
    },
    "concat-map": {
      "version": "0.0.1"
    },
    "correl8": {
      "version": "0.6.3",
      "requires": {
        "@elastic/elasticsearch": "latest"
      }
    },
    "correl8-cli": {
      "version": "0.1.6",
      "requires": {
        "@elastic/elasticsearch": "latest",
        "correl8": "latest",
        "lockfile": "latest",
        "nopt": "latest",
        "nopt-usage": "latest",
        "path": "latest",
        "prompt": "latest"
      }
    },
    "cycle": {
      "version": "1.0.3"
    },
    "debug": {
      "version": "4.2.0",
      "requires": {
        "ms": "2.1.2"
      }
    },
    "decompress-response": {
      "version": "4.2.1",
      "requires": {
        "mimic-response": "^2.0.0"
      }
    },
    "deep-equal": {
      "version": "0.2.2"
    },
    "ecdsa-sig-formatter": {
      "version": "1.0.11",
      "requires": {
        "safe-buffer": "^5.0.1"
      }
    },
    "end-of-stream": {
      "version": "1.4.4",
      "requires": {
        "once": "^1.4.0"
      }
    },
    "event-target-shim": {
      "version": "5.0.1"
    },
    "extend": {
      "version": "3.0.2"
    },
    "eyes": {
      "version": "0.1.8"
    },
    "fast-text-encoding": {
      "version": "1.0.3"
    },
    "fs.realpath": {
      "version": "1.0.0"
    },
    "gaxios": {
      "version": "3.2.0",
      "requires": {
        "abort-controller": "^3.0.0",
        "extend": "^3.0.2",
        "https-proxy-agent": "^5.0.0",
        "is-stream": "^2.0.0",
        "node-fetch": "^2.3.0"
      }
    },
    "gcp-metadata": {
      "version": "4.2.0",
      "requires": {
        "gaxios": "^3.0.0",
        "json-bigint": "^1.0.0"
      }
    },
    "glob": {
      "version": "7.1.6",
      "requires": {
        "fs.realpath": "^1.0.0",
        "inflight": "^1.0.4",
        "inherits": "2",
        "minimatch": "^3.0.4",
        "once": "^1.3.0",
        "path-is-absolute": "^1.0.0"
      }
    },
    "google-auth-library": {
      "version": "7.0.4",
      "resolved": "https://registry.npmjs.org/google-auth-library/-/google-auth-library-7.0.4.tgz",
      "integrity": "sha512-o8irYyeijEiecTXeoEe8UKNEzV1X+uhR4b2oNdapDMZixypp0J+eHimGOyx5Joa3UAeokGngdtDLXtq9vDqG2Q==",
      "requires": {
        "arrify": "^2.0.0",
        "base64-js": "^1.3.0",
        "ecdsa-sig-formatter": "^1.0.11",
        "fast-text-encoding": "^1.0.0",
        "gaxios": "^4.0.0",
        "gcp-metadata": "^4.2.0",
        "gtoken": "^5.0.4",
        "jws": "^4.0.0",
        "lru-cache": "^6.0.0"
      },
      "dependencies": {
        "gaxios": {
          "version": "4.2.1",
          "resolved": "https://registry.npmjs.org/gaxios/-/gaxios-4.2.1.tgz",
          "integrity": "sha512-s+rTywpw6CmfB8r9TXYkpix7YFeuRjnR/AqhaJrQqsNhsAqej+IAiCc3hadzQH3gHyWth30tvYjxH8EVjQt/8Q==",
          "requires": {
            "abort-controller": "^3.0.0",
            "extend": "^3.0.2",
            "https-proxy-agent": "^5.0.0",
            "is-stream": "^2.0.0",
            "node-fetch": "^2.3.0"
          }
        }
      }
    },
    "google-p12-pem": {
      "version": "3.0.3",
      "requires": {
        "node-forge": "^0.10.0"
      }
    },
    "googleapis": {
      "version": "73.0.0",
      "resolved": "https://registry.npmjs.org/googleapis/-/googleapis-73.0.0.tgz",
      "integrity": "sha512-bLLoHddONoEZCnhcTW603r7Y1fFqbFo0/3VdnzTNA4XQl+gVY3qycWmRSRrL15ts9Iwfg0rhTde5+OUuBFhi0g==",
      "requires": {
        "google-auth-library": "^7.0.2",
        "googleapis-common": "^5.0.2"
      }
    },
    "googleapis-common": {
      "version": "5.0.2",
      "resolved": "https://registry.npmjs.org/googleapis-common/-/googleapis-common-5.0.2.tgz",
      "integrity": "sha512-TL7qronKNZwE/XBvqshwzCPmZGq2gz/beXzANF7EVoO7FsQjOd7dk40DYrXkoCpvbnJHCQKWESq6NansiIPFqA==",
      "requires": {
        "extend": "^3.0.2",
        "gaxios": "^4.0.0",
        "google-auth-library": "^7.0.2",
        "qs": "^6.7.0",
        "url-template": "^2.0.8",
        "uuid": "^8.0.0"
      },
      "dependencies": {
        "gaxios": {
          "version": "4.2.1",
          "resolved": "https://registry.npmjs.org/gaxios/-/gaxios-4.2.1.tgz",
          "integrity": "sha512-s+rTywpw6CmfB8r9TXYkpix7YFeuRjnR/AqhaJrQqsNhsAqej+IAiCc3hadzQH3gHyWth30tvYjxH8EVjQt/8Q==",
          "requires": {
            "abort-controller": "^3.0.0",
            "extend": "^3.0.2",
            "https-proxy-agent": "^5.0.0",
            "is-stream": "^2.0.0",
            "node-fetch": "^2.3.0"
          }
        }
      }
    },
    "gtoken": {
      "version": "5.0.4",
      "requires": {
        "gaxios": "^3.0.0",
        "google-p12-pem": "^3.0.3",
        "jws": "^4.0.0",
        "mime": "^2.2.0"
      }
    },
    "https-proxy-agent": {
      "version": "5.0.0",
      "requires": {
        "agent-base": "6",
        "debug": "4"
      }
    },
    "i": {
      "version": "0.3.6"
    },
    "inflight": {
      "version": "1.0.6",
      "requires": {
        "once": "^1.3.0",
        "wrappy": "1"
      }
    },
    "inherits": {
      "version": "2.0.3"
    },
    "is-stream": {
      "version": "2.0.0"
    },
    "isstream": {
      "version": "0.1.2"
    },
    "json-bigint": {
      "version": "1.0.0",
      "requires": {
        "bignumber.js": "^9.0.0"
      }
    },
    "jwa": {
      "version": "2.0.0",
      "requires": {
        "buffer-equal-constant-time": "1.0.1",
        "ecdsa-sig-formatter": "1.0.11",
        "safe-buffer": "^5.0.1"
      }
    },
    "jws": {
      "version": "4.0.0",
      "requires": {
        "jwa": "^2.0.0",
        "safe-buffer": "^5.0.1"
      }
    },
    "lockfile": {
      "version": "1.0.4",
      "requires": {
        "signal-exit": "^3.0.2"
      }
    },
    "lru-cache": {
      "version": "6.0.0",
      "requires": {
        "yallist": "^4.0.0"
      }
    },
    "mime": {
      "version": "2.4.6"
    },
    "mimic-response": {
      "version": "2.1.0"
    },
    "minimatch": {
      "version": "3.0.4",
      "requires": {
        "brace-expansion": "^1.1.7"
      }
    },
    "minimist": {
      "version": "1.2.5"
    },
    "mkdirp": {
      "version": "0.5.5",
      "requires": {
        "minimist": "^1.2.5"
      }
    },
    "moment": {
      "version": "2.29.1"
    },
    "ms": {
      "version": "2.1.2"
    },
    "mute-stream": {
      "version": "0.0.8"
    },
    "ncp": {
      "version": "1.0.1"
    },
    "node-fetch": {
      "version": "2.6.1"
    },
    "node-forge": {
      "version": "0.10.0"
    },
    "nopt": {
      "version": "5.0.0",
      "requires": {
        "abbrev": "1"
      }
    },
    "nopt-usage": {
      "version": "0.1.0"
    },
    "once": {
      "version": "1.4.0",
      "requires": {
        "wrappy": "1"
      }
    },
    "path": {
      "version": "0.12.7",
      "requires": {
        "process": "^0.11.1",
        "util": "^0.10.3"
      }
    },
    "path-is-absolute": {
      "version": "1.0.1"
    },
    "process": {
      "version": "0.11.10"
    },
    "prompt": {
      "version": "1.1.0",
      "resolved": "https://registry.npmjs.org/prompt/-/prompt-1.1.0.tgz",
      "integrity": "sha512-ec1vUPXCplDBDUVD8uPa3XGA+OzLrO40Vxv3F1uxoiZGkZhdctlK2JotcHq5X6ExjocDOGwGdCSXloGNyU5L1Q==",
      "requires": {
        "colors": "^1.1.2",
        "read": "1.0.x",
        "revalidator": "0.1.x",
        "utile": "0.3.x",
        "winston": "2.x"
      }
    },
    "pump": {
      "version": "3.0.0",
      "requires": {
        "end-of-stream": "^1.1.0",
        "once": "^1.3.1"
      }
    },
    "qs": {
      "version": "6.9.4"
    },
    "read": {
      "version": "1.0.7",
      "requires": {
        "mute-stream": "~0.0.4"
      }
    },
    "revalidator": {
      "version": "0.1.8"
    },
    "rimraf": {
      "version": "2.7.1",
      "requires": {
        "glob": "^7.1.3"
      }
    },
    "safe-buffer": {
      "version": "5.2.1"
    },
    "secure-json-parse": {
      "version": "2.1.0"
    },
    "signal-exit": {
      "version": "3.0.3"
    },
    "stack-trace": {
      "version": "0.0.10"
    },
    "url-template": {
      "version": "2.0.8"
    },
    "util": {
      "version": "0.10.4",
      "requires": {
        "inherits": "2.0.3"
      }
    },
    "utile": {
      "version": "0.3.0",
      "requires": {
        "async": "~0.9.0",
        "deep-equal": "~0.2.1",
        "i": "0.3.x",
        "mkdirp": "0.x.x",
        "ncp": "1.0.x",
        "rimraf": "2.x.x"
      }
    },
    "uuid": {
      "version": "8.3.1"
    },
    "winston": {
      "version": "2.1.1",
      "requires": {
        "async": "~1.0.0",
        "colors": "1.0.x",
        "cycle": "1.0.x",
        "eyes": "0.1.x",
        "isstream": "0.1.x",
        "pkginfo": "0.3.x",
        "stack-trace": "0.0.x"
      },
      "dependencies": {
        "async": {
          "version": "1.0.0"
        },
        "colors": {
          "version": "1.0.3"
        },
        "pkginfo": {
          "version": "0.3.1"
        }
      }
    },
    "wrappy": {
      "version": "1.0.2"
    },
    "yallist": {
      "version": "4.0.0"
    }
  }
}
